{
  "requires": true,
  "lockfileVersion": 1,
  "dependencies": {
    "lodash": {
      "version": "4.17.20",
      "resolved": "https://registry.npm.taobao.org/lodash/download/lodash-4.17.20.tgz?cache=0&sync_timestamp=1604053732252&other_urls=https%3A%2F%2Fregistry.npm.taobao.org%2Flodash%2Fdownload%2Flodash-4.17.20.tgz",
      "integrity": "sha1-tEqbYpe8tpjxxRo1RaKzs2jVnFI="
    },
    "md5-node": {
      "version": "1.0.1",
      "resolved": "https://registry.npm.taobao.org/md5-node/download/md5-node-1.0.1.tgz",
      "integrity": "sha1-DiLQCdRr3JWx08XoyP7dwaXDqog="
    }
  }
}
